
Microsoft Visual Studio Solution File, Format Version 12.00
# Visual Studio Version 17
VisualStudioVersion = 17.11.35327.3
MinimumVisualStudioVersion = 10.0.40219.1
Project("{FAE04EC0-301F-11D3-BF4B-00C04F79EFBC}") = "Labb2_Arv", "Labb2_Arv\Labb2_Arv.csproj", "{38B19BEB-D1FE-455E-936A-17EC7FA86F50}"
EndProject
Global
	GlobalSection(SolutionConfigurationPlatforms) = preSolution
		Debug|Any CPU = Debug|Any CPU
		Release|Any CPU = Release|Any CPU
	EndGlobalSection
	GlobalSection(ProjectConfigurationPlatforms) = postSolution
		{38B19BEB-D1FE-455E-936A-17EC7FA86F50}.Debug|Any CPU.ActiveCfg = Debug|Any CPU
		{38B19BEB-D1FE-455E-936A-17EC7FA86F50}.Debug|Any CPU.Build.0 = Debug|Any CPU
		{38B19BEB-D1FE-455E-936A-17EC7FA86F50}.Release|Any CPU.ActiveCfg = Release|Any CPU
		{38B19BEB-D1FE-455E-936A-17EC7FA86F50}.Release|Any CPU.Build.0 = Release|Any CPU
	EndGlobalSection
	GlobalSection(SolutionProperties) = preSolution
		HideSolutionNode = FALSE
	EndGlobalSection
	GlobalSection(ExtensibilityGlobals) = postSolution
		SolutionGuid = {3F44D410-F194-4A61-92DC-AE6EFAFFAE62}
	EndGlobalSection
EndGlobal
